
Microsoft Visual Studio Solution File, Format Version 12.00
Project("{2150E333-8FDC-42A3-9474-1A3956D46DE8}") = "src", "src", "{7A42D5A8-DC9C-4B1B-968F-54F0FD1733E6}"
	ProjectSection(SolutionItems) = preProject
		docker-compose.yml = docker-compose.yml
		_myApp.http = _myApp.http
	EndProjectSection
EndProject
Project("{FAE04EC0-301F-11D3-BF4B-00C04F79EFBC}") = "MyApp.API", "src\MyApp.API\MyApp.API.csproj", "{BE8C1E26-E2BC-4077-9B22-5EDB0232A626}"
EndProject
Project("{FAE04EC0-301F-11D3-BF4B-00C04F79EFBC}") = "MyApp.Domain", "src\MyApp.Domain\MyApp.Domain.csproj", "{C9D76619-16EA-4510-B721-EDEB07D13893}"
EndProject
Project("{FAE04EC0-301F-11D3-BF4B-00C04F79EFBC}") = "MyApp.Infrastructure", "src\MyApp.Infrastructure\MyApp.Infrastructure.csproj", "{7A1B238F-8403-4D5F-BF7B-A07CA53D24D2}"
EndProject
Project("{FAE04EC0-301F-11D3-BF4B-00C04F79EFBC}") = "MyApp.Application", "src\MyApp.Application\MyApp.Application.csproj", "{9C12EEE3-3C50-41CF-9966-99899039FAE0}"
EndProject
Project("{FAE04EC0-301F-11D3-BF4B-00C04F79EFBC}") = "MyApp.FrontBlazor", "src\MyApp.FrontBlazor\MyApp.FrontBlazor.csproj", "{693E260D-D7EE-4B17-AADD-FEF0C8D8E51E}"
EndProject
Global
	GlobalSection(SolutionConfigurationPlatforms) = preSolution
		Debug|Any CPU = Debug|Any CPU
		Release|Any CPU = Release|Any CPU
	EndGlobalSection
	GlobalSection(ProjectConfigurationPlatforms) = postSolution
		{BE8C1E26-E2BC-4077-9B22-5EDB0232A626}.Debug|Any CPU.ActiveCfg = Debug|Any CPU
		{BE8C1E26-E2BC-4077-9B22-5EDB0232A626}.Debug|Any CPU.Build.0 = Debug|Any CPU
		{BE8C1E26-E2BC-4077-9B22-5EDB0232A626}.Release|Any CPU.ActiveCfg = Release|Any CPU
		{BE8C1E26-E2BC-4077-9B22-5EDB0232A626}.Release|Any CPU.Build.0 = Release|Any CPU
		{C9D76619-16EA-4510-B721-EDEB07D13893}.Debug|Any CPU.ActiveCfg = Debug|Any CPU
		{C9D76619-16EA-4510-B721-EDEB07D13893}.Debug|Any CPU.Build.0 = Debug|Any CPU
		{C9D76619-16EA-4510-B721-EDEB07D13893}.Release|Any CPU.ActiveCfg = Release|Any CPU
		{C9D76619-16EA-4510-B721-EDEB07D13893}.Release|Any CPU.Build.0 = Release|Any CPU
		{7A1B238F-8403-4D5F-BF7B-A07CA53D24D2}.Debug|Any CPU.ActiveCfg = Debug|Any CPU
		{7A1B238F-8403-4D5F-BF7B-A07CA53D24D2}.Debug|Any CPU.Build.0 = Debug|Any CPU
		{7A1B238F-8403-4D5F-BF7B-A07CA53D24D2}.Release|Any CPU.ActiveCfg = Release|Any CPU
		{7A1B238F-8403-4D5F-BF7B-A07CA53D24D2}.Release|Any CPU.Build.0 = Release|Any CPU
		{9C12EEE3-3C50-41CF-9966-99899039FAE0}.Debug|Any CPU.ActiveCfg = Debug|Any CPU
		{9C12EEE3-3C50-41CF-9966-99899039FAE0}.Debug|Any CPU.Build.0 = Debug|Any CPU
		{9C12EEE3-3C50-41CF-9966-99899039FAE0}.Release|Any CPU.ActiveCfg = Release|Any CPU
		{9C12EEE3-3C50-41CF-9966-99899039FAE0}.Release|Any CPU.Build.0 = Release|Any CPU
		{693E260D-D7EE-4B17-AADD-FEF0C8D8E51E}.Debug|Any CPU.ActiveCfg = Debug|Any CPU
		{693E260D-D7EE-4B17-AADD-FEF0C8D8E51E}.Debug|Any CPU.Build.0 = Debug|Any CPU
		{693E260D-D7EE-4B17-AADD-FEF0C8D8E51E}.Release|Any CPU.ActiveCfg = Release|Any CPU
		{693E260D-D7EE-4B17-AADD-FEF0C8D8E51E}.Release|Any CPU.Build.0 = Release|Any CPU
	EndGlobalSection
	GlobalSection(NestedProjects) = preSolution
		{BE8C1E26-E2BC-4077-9B22-5EDB0232A626} = {7A42D5A8-DC9C-4B1B-968F-54F0FD1733E6}
		{C9D76619-16EA-4510-B721-EDEB07D13893} = {7A42D5A8-DC9C-4B1B-968F-54F0FD1733E6}
		{7A1B238F-8403-4D5F-BF7B-A07CA53D24D2} = {7A42D5A8-DC9C-4B1B-968F-54F0FD1733E6}
		{9C12EEE3-3C50-41CF-9966-99899039FAE0} = {7A42D5A8-DC9C-4B1B-968F-54F0FD1733E6}
		{693E260D-D7EE-4B17-AADD-FEF0C8D8E51E} = {7A42D5A8-DC9C-4B1B-968F-54F0FD1733E6}
	EndGlobalSection
EndGlobal
